
Microsoft Visual Studio Solution File, Format Version 12.00
# Visual Studio Version 17
VisualStudioVersion = 17.5.33530.505
MinimumVisualStudioVersion = 10.0.40219.1
Project("{FAE04EC0-301F-11D3-BF4B-00C04F79EFBC}") = "WebApplication2", "WebApplication2\WebApplication2.csproj", "{B44BC038-4CB8-4693-B17F-8F42AA763BBB}"
EndProject
Global
	GlobalSection(SolutionConfigurationPlatforms) = preSolution
		Debug|Any CPU = Debug|Any CPU
		Release|Any CPU = Release|Any CPU
	EndGlobalSection
	GlobalSection(ProjectConfigurationPlatforms) = postSolution
		{B44BC038-4CB8-4693-B17F-8F42AA763BBB}.Debug|Any CPU.ActiveCfg = Debug|Any CPU
		{B44BC038-4CB8-4693-B17F-8F42AA763BBB}.Debug|Any CPU.Build.0 = Debug|Any CPU
		{B44BC038-4CB8-4693-B17F-8F42AA763BBB}.Release|Any CPU.ActiveCfg = Release|Any CPU
		{B44BC038-4CB8-4693-B17F-8F42AA763BBB}.Release|Any CPU.Build.0 = Release|Any CPU
	EndGlobalSection
	GlobalSection(SolutionProperties) = preSolution
		HideSolutionNode = FALSE
	EndGlobalSection
	GlobalSection(ExtensibilityGlobals) = postSolution
		SolutionGuid = {8D673641-9599-4B57-BE74-F7302733AB29}
	EndGlobalSection
EndGlobal
